
Microsoft Visual Studio Solution File, Format Version 12.00
# Visual Studio Version 17
VisualStudioVersion = 17.1.32210.238
MinimumVisualStudioVersion = 10.0.40219.1
Project("{2150E333-8FDC-42A3-9474-1A3956D46DE8}") = "Solution Files", "Solution Files", "{FEFB865D-26CE-4747-8E2B-CCA7E04F7E0B}"
	ProjectSection(SolutionItems) = preProject
		.editorconfig = .editorconfig
		Readme.md = Readme.md
	EndProjectSection
EndProject
Project("{9A19103F-16F7-4668-BE54-9A1E7A4F7556}") = "Movies.Api", "Movies.Api\Movies.Api.csproj", "{1CABC28C-A875-41FB-814B-F398966CF92F}"
EndProject
Project("{9A19103F-16F7-4668-BE54-9A1E7A4F7556}") = "IdentityServer", "IdentityServer\IdentityServer.csproj", "{8FACB1D5-4F50-44AB-99F5-FC1BEBEEEBEC}"
EndProject
Project("{9A19103F-16F7-4668-BE54-9A1E7A4F7556}") = "Movies.Client", "Movies.Client\Movies.Client.csproj", "{A07760E8-1118-495E-88D5-419A1CE97710}"
EndProject
Project("{00D1A9C2-B5F0-4AF3-8072-F6C62B433612}") = "DatabaseProjectIdentity", "IdentityDatabase\DatabaseProjectIdentity.sqlproj", "{C8B3A4C8-29CE-454F-BC13-0CC656C20866}"
EndProject
Global
	GlobalSection(SolutionConfigurationPlatforms) = preSolution
		Debug|Any CPU = Debug|Any CPU
		Release|Any CPU = Release|Any CPU
	EndGlobalSection
	GlobalSection(ProjectConfigurationPlatforms) = postSolution
		{1CABC28C-A875-41FB-814B-F398966CF92F}.Debug|Any CPU.ActiveCfg = Debug|Any CPU
		{1CABC28C-A875-41FB-814B-F398966CF92F}.Debug|Any CPU.Build.0 = Debug|Any CPU
		{1CABC28C-A875-41FB-814B-F398966CF92F}.Release|Any CPU.ActiveCfg = Release|Any CPU
		{1CABC28C-A875-41FB-814B-F398966CF92F}.Release|Any CPU.Build.0 = Release|Any CPU
		{8FACB1D5-4F50-44AB-99F5-FC1BEBEEEBEC}.Debug|Any CPU.ActiveCfg = Debug|Any CPU
		{8FACB1D5-4F50-44AB-99F5-FC1BEBEEEBEC}.Debug|Any CPU.Build.0 = Debug|Any CPU
		{8FACB1D5-4F50-44AB-99F5-FC1BEBEEEBEC}.Release|Any CPU.ActiveCfg = Release|Any CPU
		{8FACB1D5-4F50-44AB-99F5-FC1BEBEEEBEC}.Release|Any CPU.Build.0 = Release|Any CPU
		{A07760E8-1118-495E-88D5-419A1CE97710}.Debug|Any CPU.ActiveCfg = Debug|Any CPU
		{A07760E8-1118-495E-88D5-419A1CE97710}.Debug|Any CPU.Build.0 = Debug|Any CPU
		{A07760E8-1118-495E-88D5-419A1CE97710}.Release|Any CPU.ActiveCfg = Release|Any CPU
		{A07760E8-1118-495E-88D5-419A1CE97710}.Release|Any CPU.Build.0 = Release|Any CPU
		{C8B3A4C8-29CE-454F-BC13-0CC656C20866}.Debug|Any CPU.ActiveCfg = Debug|Any CPU
		{C8B3A4C8-29CE-454F-BC13-0CC656C20866}.Debug|Any CPU.Build.0 = Debug|Any CPU
		{C8B3A4C8-29CE-454F-BC13-0CC656C20866}.Debug|Any CPU.Deploy.0 = Debug|Any CPU
		{C8B3A4C8-29CE-454F-BC13-0CC656C20866}.Release|Any CPU.ActiveCfg = Release|Any CPU
		{C8B3A4C8-29CE-454F-BC13-0CC656C20866}.Release|Any CPU.Build.0 = Release|Any CPU
		{C8B3A4C8-29CE-454F-BC13-0CC656C20866}.Release|Any CPU.Deploy.0 = Release|Any CPU
	EndGlobalSection
	GlobalSection(SolutionProperties) = preSolution
		HideSolutionNode = FALSE
	EndGlobalSection
	GlobalSection(ExtensibilityGlobals) = postSolution
		SolutionGuid = {1DCB3972-EA48-4F68-A743-842F15BB4E24}
	EndGlobalSection
EndGlobal
